
Microsoft Visual Studio Solution File, Format Version 12.00
# Visual Studio Version 17
VisualStudioVersion = 17.14.36301.6 d17.14
MinimumVisualStudioVersion = 10.0.40219.1
Project("{FAE04EC0-301F-11D3-BF4B-00C04F79EFBC}") = "119_09_19", "119_09_19\119_09_19.csproj", "{A9A88D17-60E5-4BEA-ADED-E624D8780837}"
EndProject
Global
	GlobalSection(SolutionConfigurationPlatforms) = preSolution
		Debug|Any CPU = Debug|Any CPU
		Release|Any CPU = Release|Any CPU
	EndGlobalSection
	GlobalSection(ProjectConfigurationPlatforms) = postSolution
		{A9A88D17-60E5-4BEA-ADED-E624D8780837}.Debug|Any CPU.ActiveCfg = Debug|Any CPU
		{A9A88D17-60E5-4BEA-ADED-E624D8780837}.Debug|Any CPU.Build.0 = Debug|Any CPU
		{A9A88D17-60E5-4BEA-ADED-E624D8780837}.Release|Any CPU.ActiveCfg = Release|Any CPU
		{A9A88D17-60E5-4BEA-ADED-E624D8780837}.Release|Any CPU.Build.0 = Release|Any CPU
	EndGlobalSection
	GlobalSection(SolutionProperties) = preSolution
		HideSolutionNode = FALSE
	EndGlobalSection
	GlobalSection(ExtensibilityGlobals) = postSolution
		SolutionGuid = {0BFCA712-B03E-4F94-853A-4B6A5D67C32C}
	EndGlobalSection
EndGlobal
